
Microsoft Visual Studio Solution File, Format Version 12.00
# Visual Studio Version 16
VisualStudioVersion = 16.0.31025.194
MinimumVisualStudioVersion = 10.0.40219.1
Project("{FAE04EC0-301F-11D3-BF4B-00C04F79EFBC}") = "CustomMessageBoxes", "CustomMessageBox\CustomMessageBoxes.csproj", "{EFC83877-EB58-471B-B37A-ADD705766D40}"
EndProject
Project("{FAE04EC0-301F-11D3-BF4B-00C04F79EFBC}") = "ControlsTester", "ControlsTester\ControlsTester.csproj", "{2C7850B1-735B-42C4-9076-10FD8A59E761}"
EndProject
Global
	GlobalSection(SolutionConfigurationPlatforms) = preSolution
		Debug|Any CPU = Debug|Any CPU
		Release|Any CPU = Release|Any CPU
	EndGlobalSection
	GlobalSection(ProjectConfigurationPlatforms) = postSolution
		{EFC83877-EB58-471B-B37A-ADD705766D40}.Debug|Any CPU.ActiveCfg = Debug|Any CPU
		{EFC83877-EB58-471B-B37A-ADD705766D40}.Debug|Any CPU.Build.0 = Debug|Any CPU
		{EFC83877-EB58-471B-B37A-ADD705766D40}.Release|Any CPU.ActiveCfg = Release|Any CPU
		{EFC83877-EB58-471B-B37A-ADD705766D40}.Release|Any CPU.Build.0 = Release|Any CPU
		{2C7850B1-735B-42C4-9076-10FD8A59E761}.Debug|Any CPU.ActiveCfg = Debug|Any CPU
		{2C7850B1-735B-42C4-9076-10FD8A59E761}.Debug|Any CPU.Build.0 = Debug|Any CPU
		{2C7850B1-735B-42C4-9076-10FD8A59E761}.Release|Any CPU.ActiveCfg = Release|Any CPU
		{2C7850B1-735B-42C4-9076-10FD8A59E761}.Release|Any CPU.Build.0 = Release|Any CPU
	EndGlobalSection
	GlobalSection(SolutionProperties) = preSolution
		HideSolutionNode = FALSE
	EndGlobalSection
	GlobalSection(ExtensibilityGlobals) = postSolution
		SolutionGuid = {7925EE93-B89E-4D10-81E6-DA181BC0E4FF}
	EndGlobalSection
EndGlobal
